
Microsoft Visual Studio Solution File, Format Version 11.00
# Visual Studio 2010
Project("{FAE04EC0-301F-11D3-BF4B-00C04F79EFBC}") = "ARDK", "ARDK.csproj", "{f66ba474-2994-d32b-d6e3-891e44fec941}"
EndProject
Project("{FAE04EC0-301F-11D3-BF4B-00C04F79EFBC}") = "ARDK-Editor", "ARDK-Editor.csproj", "{17cdf75d-50bb-ec4b-bb91-793f26301a57}"
EndProject
Global
	GlobalSection(SolutionConfigurationPlatforms) = preSolution
		Debug|Any CPU = Debug|Any CPU
	EndGlobalSection
	GlobalSection(ProjectConfigurationPlatforms) = postSolution
		{f66ba474-2994-d32b-d6e3-891e44fec941}.Debug|Any CPU.ActiveCfg = Debug|Any CPU
		{f66ba474-2994-d32b-d6e3-891e44fec941}.Debug|Any CPU.Build.0 = Debug|Any CPU
		{17cdf75d-50bb-ec4b-bb91-793f26301a57}.Debug|Any CPU.ActiveCfg = Debug|Any CPU
		{17cdf75d-50bb-ec4b-bb91-793f26301a57}.Debug|Any CPU.Build.0 = Debug|Any CPU
	EndGlobalSection
	GlobalSection(SolutionProperties) = preSolution
		HideSolutionNode = FALSE
	EndGlobalSection
EndGlobal
